{
  "version": 4,
  "terraform_version": "1.5.4",
  "serial": 20,
  "lineage": "449055c1-e89e-4720-a8ec-3bef6249f139",
  "outputs": {},
  "resources": [
    {
      "mode": "managed",
      "type": "aws_eks_cluster",
      "name": "devops-eks",
      "provider": "provider[\"registry.terraform.io/hashicorp/aws\"]",
      "instances": [
        {
          "schema_version": 0,
          "attributes": {
            "arn": "arn:aws:eks:ap-southeast-1:885234002156:cluster/devops-cluster",
            "certificate_authority": [
              {
                "data": "LS0tLS1CRUdJTiBDRVJUSUZJQ0FURS0tLS0tCk1JSURCVENDQWUyZ0F3SUJBZ0lJUlI4ZXdFV0tkZmd3RFFZSktvWklodmNOQVFFTEJRQXdGVEVUTUJFR0ExVUUKQXhNS2EzVmlaWEp1WlhSbGN6QWVGdzB5TXpBNE1UUXhOVEk1TkRCYUZ3MHpNekE0TVRFeE5USTVOREJhTUJVeApFekFSQmdOVkJBTVRDbXQxWW1WeWJtVjBaWE13Z2dFaU1BMEdDU3FHU0liM0RRRUJBUVVBQTRJQkR3QXdnZ0VLCkFvSUJBUUNzLyt5NUxhWm9kazhvaXE3QkNsSXlOL2dKQzlJUkVNR25yVFJwS3NYQkpBeXFabWx3UWRZZU5COGoKdk1WcnB5djF0Uno1WUpVcTJGeTdjR2JWcjk0U0VlbUxITzQxOU9lOUVtMmdQUksvcmpVbU9ueWZ5bE05V0NBegpnbkJDTnVCSXUySXJWbFlMMDBNQkxpdG5lUFE0WFpEVGNkMlFtY0hPRm9QMDBvVW5zK2RIQW9lVHEvdDdaZWxRCklIWjlNOFg1blVNaVd0MEcyTjRHMmJvd1UrM0VSbDduaTJYUEVIQ2VwbWtUN1RMdHJFc0lJRFVmWW8wU1ZaTWMKWE1DaitpczVPcitxQVRSekE5UDN3SW5pVUJwWnZLS3lzVmMxdzhMbmNldnMxQWd5NnYrWFNPMjloQ1pYcmxyRApWK25Wdi9RdDF5ZTIxN2p1QUdSc2lRL0ZwREVGQWdNQkFBR2pXVEJYTUE0R0ExVWREd0VCL3dRRUF3SUNwREFQCkJnTlZIUk1CQWY4RUJUQURBUUgvTUIwR0ExVWREZ1FXQkJRd3Z2MXB1RytCZWJYTFhsU2FGVDV6U0lYZUNUQVYKQmdOVkhSRUVEakFNZ2dwcmRXSmxjbTVsZEdWek1BMEdDU3FHU0liM0RRRUJDd1VBQTRJQkFRQWNrQWVSbFZuaAo0b0dCVWNoaFNkY3Uwa2Q2eHlDTzdXVG9GbDdkY28xSlc0TW1zQkZwYzc4V2dYRzBsRzRYaWFEQ0ZSYjJpRkZYClNXNnp2Q0h2Y2ZzMEpBZUpCMTcxZ3ArMGZTRkEvOHhBb0R4Z1ZnNDhlMndMNXNveUZ2UncyNXV4S2p4UG02cTAKNERIRzRhUGxOUWwwTTZmeTY5L28vMDg1TlNpWHNXSGJPV1RXOUFWR3pCdXV0dllzYWR4cXcwUTdBcmZlMWFlNApSdnJaSThMeVI4S25HUENPd291a0ZOUUNLU3JsZ3BnKzE4ckhtSE51ZkxFVFkyaWpmdkFpNjd3Z1ZhZ1dJNXdFCktMSU80S09oNUkzbENJcW1aalhBdTlBTGYySUI0aGpCU1ZEcHdkL0JOZEtTc0k0M3REQVNydUlRVENyZDYzT24KR004cGJrMFZPKzZLCi0tLS0tRU5EIENFUlRJRklDQVRFLS0tLS0K"
              }
            ],
            "cluster_id": null,
            "created_at": "2023-08-14 15:24:38.977 +0000 UTC",
            "enabled_cluster_log_types": null,
            "encryption_config": [],
            "endpoint": "https://3C83CCEA72C3DB643FDEFFD269119281.gr7.ap-southeast-1.eks.amazonaws.com",
            "id": "devops-cluster",
            "identity": [
              {
                "oidc": [
                  {
                    "issuer": "https://oidc.eks.ap-southeast-1.amazonaws.com/id/3C83CCEA72C3DB643FDEFFD269119281"
                  }
                ]
              }
            ],
            "kubernetes_network_config": [
              {
                "ip_family": "ipv4",
                "service_ipv4_cidr": "10.100.0.0/16",
                "service_ipv6_cidr": ""
              }
            ],
            "name": "devops-cluster",
            "outpost_config": [],
            "platform_version": "eks.4",
            "role_arn": "arn:aws:iam::885234002156:role/eksClusterRole",
            "status": "ACTIVE",
            "tags": null,
            "tags_all": {},
            "timeouts": null,
            "version": "1.27",
            "vpc_config": [
              {
                "cluster_security_group_id": "sg-096ac29f225465365",
                "endpoint_private_access": false,
                "endpoint_public_access": true,
                "public_access_cidrs": [
                  "0.0.0.0/0"
                ],
                "security_group_ids": null,
                "subnet_ids": [
                  "subnet-0337c3de2dcd67f5e",
                  "subnet-07e5ead39e3012fef",
                  "subnet-09644e7d060cd89d0"
                ],
                "vpc_id": "vpc-0a58b02ced9501085"
              }
            ]
          },
          "sensitive_attributes": [],
          "private": "eyJlMmJmYjczMC1lY2FhLTExZTYtOGY4OC0zNDM2M2JjN2M0YzAiOnsiY3JlYXRlIjoxODAwMDAwMDAwMDAwLCJkZWxldGUiOjkwMDAwMDAwMDAwMCwidXBkYXRlIjozNjAwMDAwMDAwMDAwfX0="
        }
      ]
    },
    {
      "mode": "managed",
      "type": "aws_eks_node_group",
      "name": "worker-node-group",
      "provider": "provider[\"registry.terraform.io/hashicorp/aws\"]",
      "instances": [
        {
          "schema_version": 0,
          "attributes": {
            "ami_type": "AL2_x86_64",
            "arn": "arn:aws:eks:ap-southeast-1:885234002156:nodegroup/devops-cluster/workernodes/cec4fa56-b055-5d17-9c97-3091be8427c4",
            "capacity_type": "ON_DEMAND",
            "cluster_name": "devops-cluster",
            "disk_size": 20,
            "force_update_version": null,
            "id": "devops-cluster:workernodes",
            "instance_types": [
              "t3.medium"
            ],
            "labels": null,
            "launch_template": [],
            "node_group_name": "workernodes",
            "node_group_name_prefix": "",
            "node_role_arn": "arn:aws:iam::885234002156:role/eksWorkerNodeEC2Role",
            "release_version": "1.27.3-20230728",
            "remote_access": [
              {
                "ec2_ssh_key": "jenkins",
                "source_security_group_ids": null
              }
            ],
            "resources": [
              {
                "autoscaling_groups": [
                  {
                    "name": "eks-workernodes-cec4fa56-b055-5d17-9c97-3091be8427c4"
                  }
                ],
                "remote_access_security_group_id": "sg-04ce1091f24b90925"
              }
            ],
            "scaling_config": [
              {
                "desired_size": 1,
                "max_size": 2,
                "min_size": 1
              }
            ],
            "status": "ACTIVE",
            "subnet_ids": [
              "subnet-0337c3de2dcd67f5e",
              "subnet-07e5ead39e3012fef",
              "subnet-09644e7d060cd89d0"
            ],
            "tags": null,
            "tags_all": {},
            "taint": [],
            "timeouts": null,
            "update_config": [
              {
                "max_unavailable": 1,
                "max_unavailable_percentage": 0
              }
            ],
            "version": "1.27"
          },
          "sensitive_attributes": [],
          "private": "eyJlMmJmYjczMC1lY2FhLTExZTYtOGY4OC0zNDM2M2JjN2M0YzAiOnsiY3JlYXRlIjozNjAwMDAwMDAwMDAwLCJkZWxldGUiOjM2MDAwMDAwMDAwMDAsInVwZGF0ZSI6MzYwMDAwMDAwMDAwMH19",
          "dependencies": [
            "aws_eks_cluster.devops-eks"
          ]
        }
      ]
    },
    {
      "module": "module.ecr-repo",
      "mode": "managed",
      "type": "aws_ecr_repository",
      "name": "name",
      "provider": "provider[\"registry.terraform.io/hashicorp/aws\"]",
      "instances": [
        {
          "index_key": "application-backend",
          "schema_version": 0,
          "attributes": {
            "arn": "arn:aws:ecr:ap-southeast-1:885234002156:repository/application-backend",
            "encryption_configuration": [
              {
                "encryption_type": "AES256",
                "kms_key": ""
              }
            ],
            "force_delete": null,
            "id": "application-backend",
            "image_scanning_configuration": [
              {
                "scan_on_push": false
              }
            ],
            "image_tag_mutability": "MUTABLE",
            "name": "application-backend",
            "registry_id": "885234002156",
            "repository_url": "885234002156.dkr.ecr.ap-southeast-1.amazonaws.com/application-backend",
            "tags": {
              "Environment": "Dev"
            },
            "tags_all": {
              "Environment": "Dev"
            },
            "timeouts": null
          },
          "sensitive_attributes": [],
          "private": "eyJlMmJmYjczMC1lY2FhLTExZTYtOGY4OC0zNDM2M2JjN2M0YzAiOnsiZGVsZXRlIjoxMjAwMDAwMDAwMDAwfX0="
        },
        {
          "index_key": "application-frontend",
          "schema_version": 0,
          "attributes": {
            "arn": "arn:aws:ecr:ap-southeast-1:885234002156:repository/application-frontend",
            "encryption_configuration": [
              {
                "encryption_type": "AES256",
                "kms_key": ""
              }
            ],
            "force_delete": null,
            "id": "application-frontend",
            "image_scanning_configuration": [
              {
                "scan_on_push": false
              }
            ],
            "image_tag_mutability": "MUTABLE",
            "name": "application-frontend",
            "registry_id": "885234002156",
            "repository_url": "885234002156.dkr.ecr.ap-southeast-1.amazonaws.com/application-frontend",
            "tags": {
              "Environment": "Dev"
            },
            "tags_all": {
              "Environment": "Dev"
            },
            "timeouts": null
          },
          "sensitive_attributes": [],
          "private": "eyJlMmJmYjczMC1lY2FhLTExZTYtOGY4OC0zNDM2M2JjN2M0YzAiOnsiZGVsZXRlIjoxMjAwMDAwMDAwMDAwfX0="
        }
      ]
    }
  ],
  "check_results": null
}
